
Microsoft Visual Studio Solution File, Format Version 12.00
# Visual Studio 15
VisualStudioVersion = 15.0.33026.149
MinimumVisualStudioVersion = 10.0.40219.1
Project("{FAE04EC0-301F-11D3-BF4B-00C04F79EFBC}") = "InitTagWrite", "InitTagWrite\InitTagWrite.csproj", "{1483FB84-4E3E-4FDA-9DC2-B6C676BC4A33}"
EndProject
Global
	GlobalSection(SolutionConfigurationPlatforms) = preSolution
		Debug|Any CPU = Debug|Any CPU
		Release|Any CPU = Release|Any CPU
	EndGlobalSection
	GlobalSection(ProjectConfigurationPlatforms) = postSolution
		{1483FB84-4E3E-4FDA-9DC2-B6C676BC4A33}.Debug|Any CPU.ActiveCfg = Debug|Any CPU
		{1483FB84-4E3E-4FDA-9DC2-B6C676BC4A33}.Debug|Any CPU.Build.0 = Debug|Any CPU
		{1483FB84-4E3E-4FDA-9DC2-B6C676BC4A33}.Release|Any CPU.ActiveCfg = Release|Any CPU
		{1483FB84-4E3E-4FDA-9DC2-B6C676BC4A33}.Release|Any CPU.Build.0 = Release|Any CPU
	EndGlobalSection
	GlobalSection(SolutionProperties) = preSolution
		HideSolutionNode = FALSE
	EndGlobalSection
	GlobalSection(ExtensibilityGlobals) = postSolution
		SolutionGuid = {ED5B7919-EE49-4377-8AD6-6F42D42945C5}
	EndGlobalSection
EndGlobal
